PODS:
  - GemvaryCloudCallSDK (0.1.0)

DEPENDENCIES:
  - GemvaryCloudCallSDK (from `../`)

EXTERNAL SOURCES:
  GemvaryCloudCallSDK:
    :path: "../"

SPEC CHECKSUMS:
  GemvaryCloudCallSDK: caef26b5014ea635f96168b13bc515a254e5af3b

PODFILE CHECKSUM: 0f86dc171154a13b09d4bb5634f1cdb551482005

COCOAPODS: 1.12.0
